
Microsoft Visual Studio Solution File, Format Version 12.00
# Visual Studio Version 17
VisualStudioVersion = 17.5.002.0
MinimumVisualStudioVersion = 10.0.40219.1
Project("{9A19103F-16F7-4668-BE54-9A1E7A4F7556}") = "Auth", "Auth.csproj", "{AC3CB592-437D-4420-A64E-3AE8F754F3DC}"
EndProject
Global
	GlobalSection(SolutionConfigurationPlatforms) = preSolution
		Debug|Any CPU = Debug|Any CPU
		Release|Any CPU = Release|Any CPU
	EndGlobalSection
	GlobalSection(ProjectConfigurationPlatforms) = postSolution
		{AC3CB592-437D-4420-A64E-3AE8F754F3DC}.Debug|Any CPU.ActiveCfg = Debug|Any CPU
		{AC3CB592-437D-4420-A64E-3AE8F754F3DC}.Debug|Any CPU.Build.0 = Debug|Any CPU
		{AC3CB592-437D-4420-A64E-3AE8F754F3DC}.Release|Any CPU.ActiveCfg = Release|Any CPU
		{AC3CB592-437D-4420-A64E-3AE8F754F3DC}.Release|Any CPU.Build.0 = Release|Any CPU
	EndGlobalSection
	GlobalSection(SolutionProperties) = preSolution
		HideSolutionNode = FALSE
	EndGlobalSection
	GlobalSection(ExtensibilityGlobals) = postSolution
		SolutionGuid = {6D9FAE15-552D-442A-9A28-DB51B37A20C8}
	EndGlobalSection
EndGlobal
